// !$*UTF8*$!
{
	archiveVersion = 1;
	classes = {
	};
	objectVersion = 46;
	objects = {

/* Begin PBXBuildFile section */
		88C43BDC19E6D93500465868 /* AppDelegate.swift in Sources */ = {isa = PBXBuildFile; fileRef = 88C43BDB19E6D93500465868 /* AppDelegate.swift */; };
		88C43BDE19E6D93500465868 /* ViewController.swift in Sources */ = {isa = PBXBuildFile; fileRef = 88C43BDD19E6D93500465868 /* ViewController.swift */; };
		88C43BE119E6D93500465868 /* Main.storyboard in Resources */ = {isa = PBXBuildFile; fileRef = 88C43BDF19E6D93500465868 /* Main.storyboard */; };
		88C43BE319E6D93500465868 /* Images.xcassets in Resources */ = {isa = PBXBuildFile; fileRef = 88C43BE219E6D93500465868 /* Images.xcassets */; };
		88C43BE619E6D93500465868 /* LaunchScreen.xib in Resources */ = {isa = PBXBuildFile; fileRef = 88C43BE419E6D93500465868 /* LaunchScreen.xib */; };
		88C43BF219E6D93500465868 /* PostcardTests.swift in Sources */ = {isa = PBXBuildFile; fileRef = 88C43BF119E6D93500465868 /* PostcardTests.swift */; };
/* End PBXBuildFile section */

/* Begin PBXContainerItemProxy section */
		88C43BEC19E6D93500465868 /* PBXContainerItemProxy */ = {
			isa = PBXContainerItemProxy;
			containerPortal = 88C43BCE19E6D93400465868 /* Project object */;
			proxyType = 1;
			remoteGlobalIDString = 88C43BD519E6D93400465868;
			remoteInfo = Postcard;
		};
/* End PBXContainerItemProxy section */

/* Begin PBXFileReference section */
		88C43BD619E6D93500465868 /* Postcard.app */ = {isa = PBXFileReference; explicitFileType = wrapper.application; includeInIndex = 0; path = Postcard.app; sourceTree = BUILT_PRODUCTS_DIR; };
		88C43BDA19E6D93500465868 /* Info.plist */ = {isa = PBXFileReference; lastKnownFileType = text.plist.xml; path = Info.plist; sourceTree = "<group>"; };
		88C43BDB19E6D93500465868 /* AppDelegate.swift */ = {isa = PBXFileReference; lastKnownFileType = sourcecode.swift; path = AppDelegate.swift; sourceTree = "<group>"; };
		88C43BDD19E6D93500465868 /* ViewController.swift */ = {isa = PBXFileReference; lastKnownFileType = sourcecode.swift; path = ViewController.swift; sourceTree = "<group>"; };
		88C43BE019E6D93500465868 /* Base */ = {isa = PBXFileReference; lastKnownFileType = file.storyboard; name = Base; path = Base.lproj/Main.storyboard; sourceTree = "<group>"; };
		88C43BE219E6D93500465868 /* Images.xcassets */ = {isa = PBXFileReference; lastKnownFileType = folder.assetcatalog; path = Images.xcassets; sourceTree = "<group>"; };
		88C43BE519E6D93500465868 /* Base */ = {isa = PBXFileReference; lastKnownFileType = file.xib; name = Base; path = Base.lproj/LaunchScreen.xib; sourceTree = "<group>"; };
		88C43BEB19E6D93500465868 /* PostcardTests.xctest */ = {isa = PBXFileReference; explicitFileType = wrapper.cfbundle; includeInIndex = 0; path = PostcardTests.xctest; sourceTree = BUILT_PRODUCTS_DIR; };
		88C43BF019E6D93500465868 /* Info.plist */ = {isa = PBXFileReference; lastKnownFileType = text.plist.xml; path = Info.plist; sourceTree = "<group>"; };
		88C43BF119E6D93500465868 /* PostcardTests.swift */ = {isa = PBXFileReference; lastKnownFileType = sourcecode.swift; path = PostcardTests.swift; sourceTree = "<group>"; };
/* End PBXFileReference section */

/* Begin PBXFrameworksBuildPhase section */
		88C43BD319E6D93400465868 /* Frameworks */ = {
			isa = PBXFrameworksBuildPhase;
			buildActionMask = 2147483647;
			files = (
			);
			runOnlyForDeploymentPostprocessing = 0;
		};
		88C43BE819E6D93500465868 /* Frameworks */ = {
			isa = PBXFrameworksBuildPhase;
			buildActionMask = 2147483647;
			files = (
			);
			runOnlyForDeploymentPostprocessing = 0;
		};
/* End PBXFrameworksBuildPhase section */

/* Begin PBXGroup section */
		88C43BCD19E6D93400465868 = {
			isa = PBXGroup;
			children = (
				88C43BD819E6D93500465868 /* Postcard */,
				88C43BEE19E6D93500465868 /* PostcardTests */,
				88C43BD719E6D93500465868 /* Products */,
			);
			sourceTree = "<group>";
		};
		88C43BD719E6D93500465868 /* Products */ = {
			isa = PBXGroup;
			children = (
				88C43BD619E6D93500465868 /* Postcard.app */,
				88C43BEB19E6D93500465868 /* PostcardTests.xctest */,
			);
			name = Products;
			sourceTree = "<group>";
		};
		88C43BD819E6D93500465868 /* Postcard */ = {
			isa = PBXGroup;
			children = (
				88C43BDB19E6D93500465868 /* AppDelegate.swift */,
				88C43BDD19E6D93500465868 /* ViewController.swift */,
				88C43BDF19E6D93500465868 /* Main.storyboard */,
				88C43BE219E6D93500465868 /* Images.xcassets */,
				88C43BE419E6D93500465868 /* LaunchScreen.xib */,
				88C43BD919E6D93500465868 /* Supporting Files */,
			);
			path = Postcard;
			sourceTree = "<group>";
		};
		88C43BD919E6D93500465868 /* Supporting Files */ = {
			isa = PBXGroup;
			children = (
				88C43BDA19E6D93500465868 /* Info.plist */,
			);
			name = "Supporting Files";
			sourceTree = "<group>";
		};
		88C43BEE19E6D93500465868 /* PostcardTests */ = {
			isa = PBXGroup;
			children = (
				88C43BF119E6D93500465868 /* PostcardTests.swift */,
				88C43BEF19E6D93500465868 /* Supporting Files */,
			);
			path = PostcardTests;
			sourceTree = "<group>";
		};
		88C43BEF19E6D93500465868 /* Supporting Files */ = {
			isa = PBXGroup;
			children = (
				88C43BF019E6D93500465868 /* Info.plist */,
			);
			name = "Supporting Files";
			sourceTree = "<group>";
		};
/* End PBXGroup section */

/* Begin PBXNativeTarget section */
		88C43BD519E6D93400465868 /* Postcard */ = {
			isa = PBXNativeTarget;
			buildConfigurationList = 88C43BF519E6D93500465868 /* Build configuration list for PBXNativeTarget "Postcard" */;
			buildPhases = (
				88C43BD219E6D93400465868 /* Sources */,
				88C43BD319E6D93400465868 /* Frameworks */,
				88C43BD419E6D93400465868 /* Resources */,
			);
			buildRules = (
			);
			dependencies = (
			);
			name = Postcard;
			productName = Postcard;
			productReference = 88C43BD619E6D93500465868 /* Postcard.app */;
			productType = "com.apple.product-type.application";
		};
		88C43BEA19E6D93500465868 /* PostcardTests */ = {
			isa = PBXNativeTarget;
			buildConfigurationList = 88C43BF819E6D93500465868 /* Build configuration list for PBXNativeTarget "PostcardTests" */;
			buildPhases = (
				88C43BE719E6D93500465868 /* Sources */,
				88C43BE819E6D93500465868 /* Frameworks */,
				88C43BE919E6D93500465868 /* Resources */,
			);
			buildRules = (
			);
			dependencies = (
				88C43BED19E6D93500465868 /* PBXTargetDependency */,
			);
			name = PostcardTests;
			productName = PostcardTests;
			productReference = 88C43BEB19E6D93500465868 /* PostcardTests.xctest */;
			productType = "com.apple.product-type.bundle.unit-test";
		};
/* End PBXNativeTarget section */

/* Begin PBXProject section */
		88C43BCE19E6D93400465868 /* Project object */ = {
			isa = PBXProject;
			attributes = {
				LastUpgradeCheck = 0600;
				ORGANIZATIONNAME = "Diagnostica Stago";
				TargetAttributes = {
					88C43BD519E6D93400465868 = {
						CreatedOnToolsVersion = 6.0.1;
					};
					88C43BEA19E6D93500465868 = {
						CreatedOnToolsVersion = 6.0.1;
						TestTargetID = 88C43BD519E6D93400465868;
					};
				};
			};
			buildConfigurationList = 88C43BD119E6D93400465868 /* Build configuration list for PBXProject "Postcard" */;
			compatibilityVersion = "Xcode 3.2";
			developmentRegion = English;
			hasScannedForEncodings = 0;
			knownRegions = (
				en,
				Base,
			);
			mainGroup = 88C43BCD19E6D93400465868;
			productRefGroup = 88C43BD719E6D93500465868 /* Products */;
			projectDirPath = "";
			projectRoot = "";
			targets = (
				88C43BD519E6D93400465868 /* Postcard */,
				88C43BEA19E6D93500465868 /* PostcardTests */,
			);
		};
/* End PBXProject section */

/* Begin PBXResourcesBuildPhase section */
		88C43BD419E6D93400465868 /* Resources */ = {
			isa = PBXResourcesBuildPhase;
			buildActionMask = 2147483647;
			files = (
				88C43BE119E6D93500465868 /* Main.storyboard in Resources */,
				88C43BE619E6D93500465868 /* LaunchScreen.xib in Resources */,
				88C43BE319E6D93500465868 /* Images.xcassets in Resources */,
			);
			runOnlyForDeploymentPostprocessing = 0;
		};
		88C43BE919E6D93500465868 /* Resources */ = {
			isa = PBXResourcesBuildPhase;
			buildActionMask = 2147483647;
			files = (
			);
			runOnlyForDeploymentPostprocessing = 0;
		};
/* End PBXResourcesBuildPhase section */

/* Begin PBXSourcesBuildPhase section */
		88C43BD219E6D93400465868 /* Sources */ = {
			isa = PBXSourcesBuildPhase;
			buildActionMask = 2147483647;
			files = (
				88C43BDE19E6D93500465868 /* ViewController.swift in Sources */,
				88C43BDC19E6D93500465868 /* AppDelegate.swift in Sources */,
			);
			runOnlyForDeploymentPostprocessing = 0;
		};
		88C43BE719E6D93500465868 /* Sources */ = {
			isa = PBXSourcesBuildPhase;
			buildActionMask = 2147483647;
			files = (
				88C43BF219E6D93500465868 /* PostcardTests.swift in Sources */,
			);
			runOnlyForDeploymentPostprocessing = 0;
		};
/* End PBXSourcesBuildPhase section */

/* Begin PBXTargetDependency section */
		88C43BED19E6D93500465868 /* PBXTargetDependency */ = {
			isa = PBXTargetDependency;
			target = 88C43BD519E6D93400465868 /* Postcard */;
			targetProxy = 88C43BEC19E6D93500465868 /* PBXContainerItemProxy */;
		};
/* End PBXTargetDependency section */

/* Begin PBXVariantGroup section */
		88C43BDF19E6D93500465868 /* Main.storyboard */ = {
			isa = PBXVariantGroup;
			children = (
				88C43BE019E6D93500465868 /* Base */,
			);
			name = Main.storyboard;
			sourceTree = "<group>";
		};
		88C43BE419E6D93500465868 /* LaunchScreen.xib */ = {
			isa = PBXVariantGroup;
			children = (
				88C43BE519E6D93500465868 /* Base */,
			);
			name = LaunchScreen.xib;
			sourceTree = "<group>";
		};
/* End PBXVariantGroup section */

/* Begin XCBuildConfiguration section */
		88C43BF319E6D93500465868 /* Debug */ = {
			isa = XCBuildConfiguration;
			buildSettings = {
				ALWAYS_SEARCH_USER_PATHS = NO;
				CLANG_CXX_LANGUAGE_STANDARD = "gnu++0x";
				CLANG_CXX_LIBRARY = "libc++";
				CLANG_ENABLE_MODULES = YES;
				CLANG_ENABLE_OBJC_ARC = YES;
				CLANG_WARN_BOOL_CONVERSION = YES;
				CLANG_WARN_CONSTANT_CONVERSION = YES;
				CLANG_WARN_DIRECT_OBJC_ISA_USAGE = YES_ERROR;
				CLANG_WARN_EMPTY_BODY = YES;
				CLANG_WARN_ENUM_CONVERSION = YES;
				CLANG_WARN_INT_CONVERSION = YES;
				CLANG_WARN_OBJC_ROOT_CLASS = YES_ERROR;
				CLANG_WARN_UNREACHABLE_CODE = YES;
				CLANG_WARN__DUPLICATE_METHOD_MATCH = YES;
				"CODE_SIGN_IDENTITY[sdk=iphoneos*]" = "iPhone Developer";
				COPY_PHASE_STRIP = NO;
				ENABLE_STRICT_OBJC_MSGSEND = YES;
				GCC_C_LANGUAGE_STANDARD = gnu99;
				GCC_DYNAMIC_NO_PIC = NO;
				GCC_OPTIMIZATION_LEVEL = 0;
				GCC_PREPROCESSOR_DEFINITIONS = (
					"DEBUG=1",
					"$(inherited)",
				);
				GCC_SYMBOLS_PRIVATE_EXTERN = NO;
				GCC_WARN_64_TO_32_BIT_CONVERSION = YES;
				GCC_WARN_ABOUT_RETURN_TYPE = YES_ERROR;
				GCC_WARN_UNDECLARED_SELECTOR = YES;
				GCC_WARN_UNINITIALIZED_AUTOS = YES_AGGRESSIVE;
				GCC_WARN_UNUSED_FUNCTION = YES;
				GCC_WARN_UNUSED_VARIABLE = YES;
				IPHONEOS_DEPLOYMENT_TARGET = 8.0;
				MTL_ENABLE_DEBUG_INFO = YES;
				ONLY_ACTIVE_ARCH = YES;
				SDKROOT = iphoneos;
				SWIFT_OPTIMIZATION_LEVEL = "-Onone";
				TARGETED_DEVICE_FAMILY = "1,2";
			};
			name = Debug;
		};
		88C43BF419E6D93500465868 /* Release */ = {
			isa = XCBuildConfiguration;
			buildSettings = {
				ALWAYS_SEARCH_USER_PATHS = NO;
				CLANG_CXX_LANGUAGE_STANDARD = "gnu++0x";
				CLANG_CXX_LIBRARY = "libc++";
				CLANG_ENABLE_MODULES = YES;
				CLANG_ENABLE_OBJC_ARC = YES;
				CLANG_WARN_BOOL_CONVERSION = YES;
				CLANG_WARN_CONSTANT_CONVERSION = YES;
				CLANG_WARN_DIRECT_OBJC_ISA_USAGE = YES_ERROR;
				CLANG_WARN_EMPTY_BODY = YES;
				CLANG_WARN_ENUM_CONVERSION = YES;
				CLANG_WARN_INT_CONVERSION = YES;
				CLANG_WARN_OBJC_ROOT_CLASS = YES_ERROR;
				CLANG_WARN_UNREACHABLE_CODE = YES;
				CLANG_WARN__DUPLICATE_METHOD_MATCH = YES;
				"CODE_SIGN_IDENTITY[sdk=iphoneos*]" = "iPhone Developer";
				COPY_PHASE_STRIP = YES;
				ENABLE_NS_ASSERTIONS = NO;
				ENABLE_STRICT_OBJC_MSGSEND = YES;
				GCC_C_LANGUAGE_STANDARD = gnu99;
				GCC_WARN_64_TO_32_BIT_CONVERSION = YES;
				GCC_WARN_ABOUT_RETURN_TYPE = YES_ERROR;
				GCC_WARN_UNDECLARED_SELECTOR = YES;
				GCC_WARN_UNINITIALIZED_AUTOS = YES_AGGRESSIVE;
				GCC_WARN_UNUSED_FUNCTION = YES;
				GCC_WARN_UNUSED_VARIABLE = YES;
				IPHONEOS_DEPLOYMENT_TARGET = 8.0;
				MTL_ENABLE_DEBUG_INFO = NO;
				SDKROOT = iphoneos;
				TARGETED_DEVICE_FAMILY = "1,2";
				VALIDATE_PRODUCT = YES;
			};
			name = Release;
		};
		88C43BF619E6D93500465868 /* Debug */ = {
			isa = XCBuildConfiguration;
			buildSettings = {
				ASSETCATALOG_COMPILER_APPICON_NAME = AppIcon;
				INFOPLIST_FILE = Postcard/Info.plist;
				LD_RUNPATH_SEARCH_PATHS = "$(inherited) @executable_path/Frameworks";
				PRODUCT_NAME = "$(TARGET_NAME)";
			};
			name = Debug;
		};
		88C43BF719E6D93500465868 /* Release */ = {
			isa = XCBuildConfiguration;
			buildSettings = {
				ASSETCATALOG_COMPILER_APPICON_NAME = AppIcon;
				INFOPLIST_FILE = Postcard/Info.plist;
				LD_RUNPATH_SEARCH_PATHS = "$(inherited) @executable_path/Frameworks";
				PRODUCT_NAME = "$(TARGET_NAME)";
			};
			name = Release;
		};
		88C43BF919E6D93500465868 /* Debug */ = {
			isa = XCBuildConfiguration;
			buildSettings = {
				BUNDLE_LOADER = "$(TEST_HOST)";
				FRAMEWORK_SEARCH_PATHS = (
					"$(SDKROOT)/Developer/Library/Frameworks",
					"$(inherited)",
				);
				GCC_PREPROCESSOR_DEFINITIONS = (
					"DEBUG=1",
					"$(inherited)",
				);
				INFOPLIST_FILE = PostcardTests/Info.plist;
				LD_RUNPATH_SEARCH_PATHS = "$(inherited) @executable_path/Frameworks @loader_path/Frameworks";
				PRODUCT_NAME = "$(TARGET_NAME)";
				TEST_HOST = "$(BUILT_PRODUCTS_DIR)/Postcard.app/Postcard";
			};
			name = Debug;
		};
		88C43BFA19E6D93500465868 /* Release */ = {
			isa = XCBuildConfiguration;
			buildSettings = {
				BUNDLE_LOADER = "$(TEST_HOST)";
				FRAMEWORK_SEARCH_PATHS = (
					"$(SDKROOT)/Developer/Library/Frameworks",
					"$(inherited)",
				);
				INFOPLIST_FILE = PostcardTests/Info.plist;
				LD_RUNPATH_SEARCH_PATHS = "$(inherited) @executable_path/Frameworks @loader_path/Frameworks";
				PRODUCT_NAME = "$(TARGET_NAME)";
				TEST_HOST = "$(BUILT_PRODUCTS_DIR)/Postcard.app/Postcard";
			};
			name = Release;
		};
/* End XCBuildConfiguration section */

/* Begin XCConfigurationList section */
		88C43BD119E6D93400465868 /* Build configuration list for PBXProject "Postcard" */ = {
			isa = XCConfigurationList;
			buildConfigurations = (
				88C43BF319E6D93500465868 /* Debug */,
				88C43BF419E6D93500465868 /* Release */,
			);
			defaultConfigurationIsVisible = 0;
			defaultConfigurationName = Release;
		};
		88C43BF519E6D93500465868 /* Build configuration list for PBXNativeTarget "Postcard" */ = {
			isa = XCConfigurationList;
			buildConfigurations = (
				88C43BF619E6D93500465868 /* Debug */,
				88C43BF719E6D93500465868 /* Release */,
			);
			defaultConfigurationIsVisible = 0;
		};
		88C43BF819E6D93500465868 /* Build configuration list for PBXNativeTarget "PostcardTests" */ = {
			isa = XCConfigurationList;
			buildConfigurations = (
				88C43BF919E6D93500465868 /* Debug */,
				88C43BFA19E6D93500465868 /* Release */,
			);
			defaultConfigurationIsVisible = 0;
		};
/* End XCConfigurationList section */
	};
	rootObject = 88C43BCE19E6D93400465868 /* Project object */;
}
